
Microsoft Visual Studio Solution File, Format Version 12.00
# Visual Studio Version 17
VisualStudioVersion = 17.0.31903.59
MinimumVisualStudioVersion = 10.0.40219.1
Project("{2150E333-8FDC-42A3-9474-1A3956D46DE8}") = "src", "src", "{827E0CD3-B72D-47B6-A68D-7590B98EB39B}"
EndProject
Project("{FAE04EC0-301F-11D3-BF4B-00C04F79EFBC}") = "EuroTrade.Api", "src\EuroTrade.Api\EuroTrade.Api.csproj", "{ABB1654C-6BD1-4791-8773-D28372C765B7}"
EndProject
Project("{FAE04EC0-301F-11D3-BF4B-00C04F79EFBC}") = "EuroTrade.Application", "src\EuroTrade.Application\EuroTrade.Application.csproj", "{15F67ADF-AB5B-4C26-869B-091771AAF114}"
EndProject
Project("{FAE04EC0-301F-11D3-BF4B-00C04F79EFBC}") = "EuroTrade.Domain", "src\EuroTrade.Domain\EuroTrade.Domain.csproj", "{96D8DABF-FDA8-4A94-85B7-DFB9157CDDA9}"
EndProject
Project("{FAE04EC0-301F-11D3-BF4B-00C04F79EFBC}") = "EuroTrade.Infrastructure", "src\EuroTrade.Infrastructure\EuroTrade.Infrastructure.csproj", "{AEBD952D-DCA7-4918-838D-D50E79ECE6A6}"
EndProject
Project("{2150E333-8FDC-42A3-9474-1A3956D46DE8}") = "tests", "tests", "{0AB3BF05-4346-4AA6-1389-037BE0695223}"
EndProject
Project("{2150E333-8FDC-42A3-9474-1A3956D46DE8}") = "unit", "unit", "{9D556B49-86D1-93A7-9596-FFAAB74EC556}"
EndProject
Project("{FAE04EC0-301F-11D3-BF4B-00C04F79EFBC}") = "EuroTrade.Domain.Tests", "tests\unit\EuroTrade.Domain.Tests\EuroTrade.Domain.Tests.csproj", "{C0F8371C-B4A4-4194-B8F0-F7D4B950225C}"
EndProject
Project("{FAE04EC0-301F-11D3-BF4B-00C04F79EFBC}") = "EuroTrade.Application.Tests", "tests\unit\EuroTrade.Application.Tests\EuroTrade.Application.Tests.csproj", "{FB0067B2-7E87-4D16-81EE-1810DA42B797}"
EndProject
Project("{2150E333-8FDC-42A3-9474-1A3956D46DE8}") = "integration", "integration", "{28A6993C-471E-82FE-7D9E-AD3B1EC22BD9}"
EndProject
Project("{FAE04EC0-301F-11D3-BF4B-00C04F79EFBC}") = "EuroTrade.Integration.Tests", "tests\integration\EuroTrade.Integration.Tests\EuroTrade.Integration.Tests.csproj", "{00127B27-11B3-4A07-B239-84371910F92A}"
EndProject
Project("{2150E333-8FDC-42A3-9474-1A3956D46DE8}") = "e2e", "e2e", "{0EB607AC-6329-6575-AD8B-E5558B048B88}"
EndProject
Project("{FAE04EC0-301F-11D3-BF4B-00C04F79EFBC}") = "EuroTrade.E2E.Tests", "tests\e2e\EuroTrade.E2E.Tests\EuroTrade.E2E.Tests.csproj", "{8D69BE03-FAC8-4074-88BE-22C3DE4ACD2E}"
EndProject
Project("{2150E333-8FDC-42A3-9474-1A3956D46DE8}") = "architecture", "architecture", "{875CD587-DE2F-08EE-74FB-D6BE4E474EF3}"
EndProject
Project("{FAE04EC0-301F-11D3-BF4B-00C04F79EFBC}") = "EuroTrade.Architecture.Tests", "tests\architecture\EuroTrade.Architecture.Tests\EuroTrade.Architecture.Tests.csproj", "{3D958589-4F56-4BFC-AF6C-CB01A5876150}"
EndProject
Global
	GlobalSection(SolutionConfigurationPlatforms) = preSolution
		Debug|Any CPU = Debug|Any CPU
		Debug|x64 = Debug|x64
		Debug|x86 = Debug|x86
		Release|Any CPU = Release|Any CPU
		Release|x64 = Release|x64
		Release|x86 = Release|x86
	EndGlobalSection
	GlobalSection(ProjectConfigurationPlatforms) = postSolution
		{ABB1654C-6BD1-4791-8773-D28372C765B7}.Debug|Any CPU.ActiveCfg = Debug|Any CPU
		{ABB1654C-6BD1-4791-8773-D28372C765B7}.Debug|Any CPU.Build.0 = Debug|Any CPU
		{ABB1654C-6BD1-4791-8773-D28372C765B7}.Debug|x64.ActiveCfg = Debug|Any CPU
		{ABB1654C-6BD1-4791-8773-D28372C765B7}.Debug|x64.Build.0 = Debug|Any CPU
		{ABB1654C-6BD1-4791-8773-D28372C765B7}.Debug|x86.ActiveCfg = Debug|Any CPU
		{ABB1654C-6BD1-4791-8773-D28372C765B7}.Debug|x86.Build.0 = Debug|Any CPU
		{ABB1654C-6BD1-4791-8773-D28372C765B7}.Release|Any CPU.ActiveCfg = Release|Any CPU
		{ABB1654C-6BD1-4791-8773-D28372C765B7}.Release|Any CPU.Build.0 = Release|Any CPU
		{ABB1654C-6BD1-4791-8773-D28372C765B7}.Release|x64.ActiveCfg = Release|Any CPU
		{ABB1654C-6BD1-4791-8773-D28372C765B7}.Release|x64.Build.0 = Release|Any CPU
		{ABB1654C-6BD1-4791-8773-D28372C765B7}.Release|x86.ActiveCfg = Release|Any CPU
		{ABB1654C-6BD1-4791-8773-D28372C765B7}.Release|x86.Build.0 = Release|Any CPU
		{15F67ADF-AB5B-4C26-869B-091771AAF114}.Debug|Any CPU.ActiveCfg = Debug|Any CPU
		{15F67ADF-AB5B-4C26-869B-091771AAF114}.Debug|Any CPU.Build.0 = Debug|Any CPU
		{15F67ADF-AB5B-4C26-869B-091771AAF114}.Debug|x64.ActiveCfg = Debug|Any CPU
		{15F67ADF-AB5B-4C26-869B-091771AAF114}.Debug|x64.Build.0 = Debug|Any CPU
		{15F67ADF-AB5B-4C26-869B-091771AAF114}.Debug|x86.ActiveCfg = Debug|Any CPU
		{15F67ADF-AB5B-4C26-869B-091771AAF114}.Debug|x86.Build.0 = Debug|Any CPU
		{15F67ADF-AB5B-4C26-869B-091771AAF114}.Release|Any CPU.ActiveCfg = Release|Any CPU
		{15F67ADF-AB5B-4C26-869B-091771AAF114}.Release|Any CPU.Build.0 = Release|Any CPU
		{15F67ADF-AB5B-4C26-869B-091771AAF114}.Release|x64.ActiveCfg = Release|Any CPU
		{15F67ADF-AB5B-4C26-869B-091771AAF114}.Release|x64.Build.0 = Release|Any CPU
		{15F67ADF-AB5B-4C26-869B-091771AAF114}.Release|x86.ActiveCfg = Release|Any CPU
		{15F67ADF-AB5B-4C26-869B-091771AAF114}.Release|x86.Build.0 = Release|Any CPU
		{96D8DABF-FDA8-4A94-85B7-DFB9157CDDA9}.Debug|Any CPU.ActiveCfg = Debug|Any CPU
		{96D8DABF-FDA8-4A94-85B7-DFB9157CDDA9}.Debug|Any CPU.Build.0 = Debug|Any CPU
		{96D8DABF-FDA8-4A94-85B7-DFB9157CDDA9}.Debug|x64.ActiveCfg = Debug|Any CPU
		{96D8DABF-FDA8-4A94-85B7-DFB9157CDDA9}.Debug|x64.Build.0 = Debug|Any CPU
		{96D8DABF-FDA8-4A94-85B7-DFB9157CDDA9}.Debug|x86.ActiveCfg = Debug|Any CPU
		{96D8DABF-FDA8-4A94-85B7-DFB9157CDDA9}.Debug|x86.Build.0 = Debug|Any CPU
		{96D8DABF-FDA8-4A94-85B7-DFB9157CDDA9}.Release|Any CPU.ActiveCfg = Release|Any CPU
		{96D8DABF-FDA8-4A94-85B7-DFB9157CDDA9}.Release|Any CPU.Build.0 = Release|Any CPU
		{96D8DABF-FDA8-4A94-85B7-DFB9157CDDA9}.Release|x64.ActiveCfg = Release|Any CPU
		{96D8DABF-FDA8-4A94-85B7-DFB9157CDDA9}.Release|x64.Build.0 = Release|Any CPU
		{96D8DABF-FDA8-4A94-85B7-DFB9157CDDA9}.Release|x86.ActiveCfg = Release|Any CPU
		{96D8DABF-FDA8-4A94-85B7-DFB9157CDDA9}.Release|x86.Build.0 = Release|Any CPU
		{AEBD952D-DCA7-4918-838D-D50E79ECE6A6}.Debug|Any CPU.ActiveCfg = Debug|Any CPU
		{AEBD952D-DCA7-4918-838D-D50E79ECE6A6}.Debug|Any CPU.Build.0 = Debug|Any CPU
		{AEBD952D-DCA7-4918-838D-D50E79ECE6A6}.Debug|x64.ActiveCfg = Debug|Any CPU
		{AEBD952D-DCA7-4918-838D-D50E79ECE6A6}.Debug|x64.Build.0 = Debug|Any CPU
		{AEBD952D-DCA7-4918-838D-D50E79ECE6A6}.Debug|x86.ActiveCfg = Debug|Any CPU
		{AEBD952D-DCA7-4918-838D-D50E79ECE6A6}.Debug|x86.Build.0 = Debug|Any CPU
		{AEBD952D-DCA7-4918-838D-D50E79ECE6A6}.Release|Any CPU.ActiveCfg = Release|Any CPU
		{AEBD952D-DCA7-4918-838D-D50E79ECE6A6}.Release|Any CPU.Build.0 = Release|Any CPU
		{AEBD952D-DCA7-4918-838D-D50E79ECE6A6}.Release|x64.ActiveCfg = Release|Any CPU
		{AEBD952D-DCA7-4918-838D-D50E79ECE6A6}.Release|x64.Build.0 = Release|Any CPU
		{AEBD952D-DCA7-4918-838D-D50E79ECE6A6}.Release|x86.ActiveCfg = Release|Any CPU
		{AEBD952D-DCA7-4918-838D-D50E79ECE6A6}.Release|x86.Build.0 = Release|Any CPU
		{C0F8371C-B4A4-4194-B8F0-F7D4B950225C}.Debug|Any CPU.ActiveCfg = Debug|Any CPU
		{C0F8371C-B4A4-4194-B8F0-F7D4B950225C}.Debug|Any CPU.Build.0 = Debug|Any CPU
		{C0F8371C-B4A4-4194-B8F0-F7D4B950225C}.Debug|x64.ActiveCfg = Debug|Any CPU
		{C0F8371C-B4A4-4194-B8F0-F7D4B950225C}.Debug|x64.Build.0 = Debug|Any CPU
		{C0F8371C-B4A4-4194-B8F0-F7D4B950225C}.Debug|x86.ActiveCfg = Debug|Any CPU
		{C0F8371C-B4A4-4194-B8F0-F7D4B950225C}.Debug|x86.Build.0 = Debug|Any CPU
		{C0F8371C-B4A4-4194-B8F0-F7D4B950225C}.Release|Any CPU.ActiveCfg = Release|Any CPU
		{C0F8371C-B4A4-4194-B8F0-F7D4B950225C}.Release|Any CPU.Build.0 = Release|Any CPU
		{C0F8371C-B4A4-4194-B8F0-F7D4B950225C}.Release|x64.ActiveCfg = Release|Any CPU
		{C0F8371C-B4A4-4194-B8F0-F7D4B950225C}.Release|x64.Build.0 = Release|Any CPU
		{C0F8371C-B4A4-4194-B8F0-F7D4B950225C}.Release|x86.ActiveCfg = Release|Any CPU
		{C0F8371C-B4A4-4194-B8F0-F7D4B950225C}.Release|x86.Build.0 = Release|Any CPU
		{FB0067B2-7E87-4D16-81EE-1810DA42B797}.Debug|Any CPU.ActiveCfg = Debug|Any CPU
		{FB0067B2-7E87-4D16-81EE-1810DA42B797}.Debug|Any CPU.Build.0 = Debug|Any CPU
		{FB0067B2-7E87-4D16-81EE-1810DA42B797}.Debug|x64.ActiveCfg = Debug|Any CPU
		{FB0067B2-7E87-4D16-81EE-1810DA42B797}.Debug|x64.Build.0 = Debug|Any CPU
		{FB0067B2-7E87-4D16-81EE-1810DA42B797}.Debug|x86.ActiveCfg = Debug|Any CPU
		{FB0067B2-7E87-4D16-81EE-1810DA42B797}.Debug|x86.Build.0 = Debug|Any CPU
		{FB0067B2-7E87-4D16-81EE-1810DA42B797}.Release|Any CPU.ActiveCfg = Release|Any CPU
		{FB0067B2-7E87-4D16-81EE-1810DA42B797}.Release|Any CPU.Build.0 = Release|Any CPU
		{FB0067B2-7E87-4D16-81EE-1810DA42B797}.Release|x64.ActiveCfg = Release|Any CPU
		{FB0067B2-7E87-4D16-81EE-1810DA42B797}.Release|x64.Build.0 = Release|Any CPU
		{FB0067B2-7E87-4D16-81EE-1810DA42B797}.Release|x86.ActiveCfg = Release|Any CPU
		{FB0067B2-7E87-4D16-81EE-1810DA42B797}.Release|x86.Build.0 = Release|Any CPU
		{00127B27-11B3-4A07-B239-84371910F92A}.Debug|Any CPU.ActiveCfg = Debug|Any CPU
		{00127B27-11B3-4A07-B239-84371910F92A}.Debug|Any CPU.Build.0 = Debug|Any CPU
		{00127B27-11B3-4A07-B239-84371910F92A}.Debug|x64.ActiveCfg = Debug|Any CPU
		{00127B27-11B3-4A07-B239-84371910F92A}.Debug|x64.Build.0 = Debug|Any CPU
		{00127B27-11B3-4A07-B239-84371910F92A}.Debug|x86.ActiveCfg = Debug|Any CPU
		{00127B27-11B3-4A07-B239-84371910F92A}.Debug|x86.Build.0 = Debug|Any CPU
		{00127B27-11B3-4A07-B239-84371910F92A}.Release|Any CPU.ActiveCfg = Release|Any CPU
		{00127B27-11B3-4A07-B239-84371910F92A}.Release|Any CPU.Build.0 = Release|Any CPU
		{00127B27-11B3-4A07-B239-84371910F92A}.Release|x64.ActiveCfg = Release|Any CPU
		{00127B27-11B3-4A07-B239-84371910F92A}.Release|x64.Build.0 = Release|Any CPU
		{00127B27-11B3-4A07-B239-84371910F92A}.Release|x86.ActiveCfg = Release|Any CPU
		{00127B27-11B3-4A07-B239-84371910F92A}.Release|x86.Build.0 = Release|Any CPU
		{8D69BE03-FAC8-4074-88BE-22C3DE4ACD2E}.Debug|Any CPU.ActiveCfg = Debug|Any CPU
		{8D69BE03-FAC8-4074-88BE-22C3DE4ACD2E}.Debug|Any CPU.Build.0 = Debug|Any CPU
		{8D69BE03-FAC8-4074-88BE-22C3DE4ACD2E}.Debug|x64.ActiveCfg = Debug|Any CPU
		{8D69BE03-FAC8-4074-88BE-22C3DE4ACD2E}.Debug|x64.Build.0 = Debug|Any CPU
		{8D69BE03-FAC8-4074-88BE-22C3DE4ACD2E}.Debug|x86.ActiveCfg = Debug|Any CPU
		{8D69BE03-FAC8-4074-88BE-22C3DE4ACD2E}.Debug|x86.Build.0 = Debug|Any CPU
		{8D69BE03-FAC8-4074-88BE-22C3DE4ACD2E}.Release|Any CPU.ActiveCfg = Release|Any CPU
		{8D69BE03-FAC8-4074-88BE-22C3DE4ACD2E}.Release|Any CPU.Build.0 = Release|Any CPU
		{8D69BE03-FAC8-4074-88BE-22C3DE4ACD2E}.Release|x64.ActiveCfg = Release|Any CPU
		{8D69BE03-FAC8-4074-88BE-22C3DE4ACD2E}.Release|x64.Build.0 = Release|Any CPU
		{8D69BE03-FAC8-4074-88BE-22C3DE4ACD2E}.Release|x86.ActiveCfg = Release|Any CPU
		{8D69BE03-FAC8-4074-88BE-22C3DE4ACD2E}.Release|x86.Build.0 = Release|Any CPU
		{3D958589-4F56-4BFC-AF6C-CB01A5876150}.Debug|Any CPU.ActiveCfg = Debug|Any CPU
		{3D958589-4F56-4BFC-AF6C-CB01A5876150}.Debug|Any CPU.Build.0 = Debug|Any CPU
		{3D958589-4F56-4BFC-AF6C-CB01A5876150}.Debug|x64.ActiveCfg = Debug|Any CPU
		{3D958589-4F56-4BFC-AF6C-CB01A5876150}.Debug|x64.Build.0 = Debug|Any CPU
		{3D958589-4F56-4BFC-AF6C-CB01A5876150}.Debug|x86.ActiveCfg = Debug|Any CPU
		{3D958589-4F56-4BFC-AF6C-CB01A5876150}.Debug|x86.Build.0 = Debug|Any CPU
		{3D958589-4F56-4BFC-AF6C-CB01A5876150}.Release|Any CPU.ActiveCfg = Release|Any CPU
		{3D958589-4F56-4BFC-AF6C-CB01A5876150}.Release|Any CPU.Build.0 = Release|Any CPU
		{3D958589-4F56-4BFC-AF6C-CB01A5876150}.Release|x64.ActiveCfg = Release|Any CPU
		{3D958589-4F56-4BFC-AF6C-CB01A5876150}.Release|x64.Build.0 = Release|Any CPU
		{3D958589-4F56-4BFC-AF6C-CB01A5876150}.Release|x86.ActiveCfg = Release|Any CPU
		{3D958589-4F56-4BFC-AF6C-CB01A5876150}.Release|x86.Build.0 = Release|Any CPU
	EndGlobalSection
	GlobalSection(SolutionProperties) = preSolution
		HideSolutionNode = FALSE
	EndGlobalSection
	GlobalSection(NestedProjects) = preSolution
		{ABB1654C-6BD1-4791-8773-D28372C765B7} = {827E0CD3-B72D-47B6-A68D-7590B98EB39B}
		{15F67ADF-AB5B-4C26-869B-091771AAF114} = {827E0CD3-B72D-47B6-A68D-7590B98EB39B}
		{96D8DABF-FDA8-4A94-85B7-DFB9157CDDA9} = {827E0CD3-B72D-47B6-A68D-7590B98EB39B}
		{AEBD952D-DCA7-4918-838D-D50E79ECE6A6} = {827E0CD3-B72D-47B6-A68D-7590B98EB39B}
		{9D556B49-86D1-93A7-9596-FFAAB74EC556} = {0AB3BF05-4346-4AA6-1389-037BE0695223}
		{C0F8371C-B4A4-4194-B8F0-F7D4B950225C} = {9D556B49-86D1-93A7-9596-FFAAB74EC556}
		{FB0067B2-7E87-4D16-81EE-1810DA42B797} = {9D556B49-86D1-93A7-9596-FFAAB74EC556}
		{28A6993C-471E-82FE-7D9E-AD3B1EC22BD9} = {0AB3BF05-4346-4AA6-1389-037BE0695223}
		{00127B27-11B3-4A07-B239-84371910F92A} = {28A6993C-471E-82FE-7D9E-AD3B1EC22BD9}
		{0EB607AC-6329-6575-AD8B-E5558B048B88} = {0AB3BF05-4346-4AA6-1389-037BE0695223}
		{8D69BE03-FAC8-4074-88BE-22C3DE4ACD2E} = {0EB607AC-6329-6575-AD8B-E5558B048B88}
		{875CD587-DE2F-08EE-74FB-D6BE4E474EF3} = {0AB3BF05-4346-4AA6-1389-037BE0695223}
		{3D958589-4F56-4BFC-AF6C-CB01A5876150} = {875CD587-DE2F-08EE-74FB-D6BE4E474EF3}
	EndGlobalSection
EndGlobal
